
Microsoft Visual Studio Solution File, Format Version 12.00
# Visual Studio 15
VisualStudioVersion = 15.0.27130.2027
MinimumVisualStudioVersion = 10.0.40219.1
Project("{8BC9CEB8-8B4A-11D0-8D11-00A0C91BC942}") = "ParenthesisMatching", "ParenthesisMatching\ParenthesisMatching.vcxproj", "{9474F5EC-7AEA-4DC2-8C63-56984B0C9801}"
EndProject
Project("{8BC9CEB8-8B4A-11D0-8D11-00A0C91BC942}") = "ExpressionEvaluation", "ExpressionEvaluation\ExpressionEvaluation.vcxproj", "{2459B80F-6C0B-498D-A3AA-C90C75FB46B9}"
EndProject
Global
	GlobalSection(SolutionConfigurationPlatforms) = preSolution
		Debug|x64 = Debug|x64
		Debug|x86 = Debug|x86
		Release|x64 = Release|x64
		Release|x86 = Release|x86
	EndGlobalSection
	GlobalSection(ProjectConfigurationPlatforms) = postSolution
		{9474F5EC-7AEA-4DC2-8C63-56984B0C9801}.Debug|x64.ActiveCfg = Debug|x64
		{9474F5EC-7AEA-4DC2-8C63-56984B0C9801}.Debug|x64.Build.0 = Debug|x64
		{9474F5EC-7AEA-4DC2-8C63-56984B0C9801}.Debug|x86.ActiveCfg = Debug|Win32
		{9474F5EC-7AEA-4DC2-8C63-56984B0C9801}.Debug|x86.Build.0 = Debug|Win32
		{9474F5EC-7AEA-4DC2-8C63-56984B0C9801}.Release|x64.ActiveCfg = Release|x64
		{9474F5EC-7AEA-4DC2-8C63-56984B0C9801}.Release|x64.Build.0 = Release|x64
		{9474F5EC-7AEA-4DC2-8C63-56984B0C9801}.Release|x86.ActiveCfg = Release|Win32
		{9474F5EC-7AEA-4DC2-8C63-56984B0C9801}.Release|x86.Build.0 = Release|Win32
		{2459B80F-6C0B-498D-A3AA-C90C75FB46B9}.Debug|x64.ActiveCfg = Debug|x64
		{2459B80F-6C0B-498D-A3AA-C90C75FB46B9}.Debug|x64.Build.0 = Debug|x64
		{2459B80F-6C0B-498D-A3AA-C90C75FB46B9}.Debug|x86.ActiveCfg = Debug|Win32
		{2459B80F-6C0B-498D-A3AA-C90C75FB46B9}.Debug|x86.Build.0 = Debug|Win32
		{2459B80F-6C0B-498D-A3AA-C90C75FB46B9}.Release|x64.ActiveCfg = Release|x64
		{2459B80F-6C0B-498D-A3AA-C90C75FB46B9}.Release|x64.Build.0 = Release|x64
		{2459B80F-6C0B-498D-A3AA-C90C75FB46B9}.Release|x86.ActiveCfg = Release|Win32
		{2459B80F-6C0B-498D-A3AA-C90C75FB46B9}.Release|x86.Build.0 = Release|Win32
	EndGlobalSection
	GlobalSection(SolutionProperties) = preSolution
		HideSolutionNode = FALSE
	EndGlobalSection
	GlobalSection(ExtensibilityGlobals) = postSolution
		SolutionGuid = {C6134EBB-A4AF-4AFB-A6F2-0E4F99BF7405}
	EndGlobalSection
EndGlobal
