
Microsoft Visual Studio Solution File, Format Version 12.00
# Visual Studio 15
VisualStudioVersion = 15.0.27130.2027
MinimumVisualStudioVersion = 10.0.40219.1
Project("{8BC9CEB8-8B4A-11D0-8D11-00A0C91BC942}") = "ConvertToBinaryTree", "ConvertToBinaryTree\ConvertToBinaryTree.vcxproj", "{09B6388C-58E6-42EF-90B4-20C21ECD5346}"
EndProject
Project("{8BC9CEB8-8B4A-11D0-8D11-00A0C91BC942}") = "BinarySearchTree", "BinarySearchTree\BinarySearchTree.vcxproj", "{7BDA5F6B-A97C-4EAE-A83C-84F2CF532082}"
EndProject
Global
	GlobalSection(SolutionConfigurationPlatforms) = preSolution
		Debug|x64 = Debug|x64
		Debug|x86 = Debug|x86
		Release|x64 = Release|x64
		Release|x86 = Release|x86
	EndGlobalSection
	GlobalSection(ProjectConfigurationPlatforms) = postSolution
		{09B6388C-58E6-42EF-90B4-20C21ECD5346}.Debug|x64.ActiveCfg = Debug|x64
		{09B6388C-58E6-42EF-90B4-20C21ECD5346}.Debug|x64.Build.0 = Debug|x64
		{09B6388C-58E6-42EF-90B4-20C21ECD5346}.Debug|x86.ActiveCfg = Debug|Win32
		{09B6388C-58E6-42EF-90B4-20C21ECD5346}.Debug|x86.Build.0 = Debug|Win32
		{09B6388C-58E6-42EF-90B4-20C21ECD5346}.Release|x64.ActiveCfg = Release|x64
		{09B6388C-58E6-42EF-90B4-20C21ECD5346}.Release|x64.Build.0 = Release|x64
		{09B6388C-58E6-42EF-90B4-20C21ECD5346}.Release|x86.ActiveCfg = Release|Win32
		{09B6388C-58E6-42EF-90B4-20C21ECD5346}.Release|x86.Build.0 = Release|Win32
		{7BDA5F6B-A97C-4EAE-A83C-84F2CF532082}.Debug|x64.ActiveCfg = Debug|x64
		{7BDA5F6B-A97C-4EAE-A83C-84F2CF532082}.Debug|x64.Build.0 = Debug|x64
		{7BDA5F6B-A97C-4EAE-A83C-84F2CF532082}.Debug|x86.ActiveCfg = Debug|Win32
		{7BDA5F6B-A97C-4EAE-A83C-84F2CF532082}.Debug|x86.Build.0 = Debug|Win32
		{7BDA5F6B-A97C-4EAE-A83C-84F2CF532082}.Release|x64.ActiveCfg = Release|x64
		{7BDA5F6B-A97C-4EAE-A83C-84F2CF532082}.Release|x64.Build.0 = Release|x64
		{7BDA5F6B-A97C-4EAE-A83C-84F2CF532082}.Release|x86.ActiveCfg = Release|Win32
		{7BDA5F6B-A97C-4EAE-A83C-84F2CF532082}.Release|x86.Build.0 = Release|Win32
	EndGlobalSection
	GlobalSection(SolutionProperties) = preSolution
		HideSolutionNode = FALSE
	EndGlobalSection
	GlobalSection(ExtensibilityGlobals) = postSolution
		SolutionGuid = {4A9064EC-14D7-44D4-94DC-6F357A489E6F}
	EndGlobalSection
EndGlobal
